{
  "name": "mikerenoe",
  "version": "1.0.0",
  "lockfileVersion": 1,
  "requires": true,
  "dependencies": {
    "bourbon-neat": {
      "version": "3.0.1",
      "resolved": "https://registry.npmjs.org/bourbon-neat/-/bourbon-neat-3.0.1.tgz",
      "integrity": "sha512-UatucoVtJQdBTHRR7niNO6qMZynqJ+vNTLVyO/FRYu2xDw/kbgyB4Owbc0eJVziapbX0JEYNEt6JyBdgupRHBA=="
    }
  }
}
